
Microsoft Visual Studio Solution File, Format Version 12.00
# Visual Studio Version 17
VisualStudioVersion = 17.7.34221.43
MinimumVisualStudioVersion = 10.0.40219.1
Project("{FAE04EC0-301F-11D3-BF4B-00C04F79EFBC}") = "Projet", "Projet\Projet.csproj", "{591D403B-806C-450D-BA6D-971C57C0CFDD}"
EndProject
Global
	GlobalSection(SolutionConfigurationPlatforms) = preSolution
		Debug|Any CPU = Debug|Any CPU
		Release|Any CPU = Release|Any CPU
	EndGlobalSection
	GlobalSection(ProjectConfigurationPlatforms) = postSolution
		{591D403B-806C-450D-BA6D-971C57C0CFDD}.Debug|Any CPU.ActiveCfg = Debug|Any CPU
		{591D403B-806C-450D-BA6D-971C57C0CFDD}.Debug|Any CPU.Build.0 = Debug|Any CPU
		{591D403B-806C-450D-BA6D-971C57C0CFDD}.Release|Any CPU.ActiveCfg = Release|Any CPU
		{591D403B-806C-450D-BA6D-971C57C0CFDD}.Release|Any CPU.Build.0 = Release|Any CPU
	EndGlobalSection
	GlobalSection(SolutionProperties) = preSolution
		HideSolutionNode = FALSE
	EndGlobalSection
	GlobalSection(ExtensibilityGlobals) = postSolution
		SolutionGuid = {BC5194C5-68F2-47DB-B858-920106D2EF1B}
	EndGlobalSection
EndGlobal
